
Microsoft Visual Studio Solution File, Format Version 12.00
# Visual Studio Version 17
VisualStudioVersion = 17.2.32630.192
MinimumVisualStudioVersion = 10.0.40219.1
Project("{FAE04EC0-301F-11D3-BF4B-00C04F79EFBC}") = "CheckD.WPF", "CheckD.WPF\CheckD.WPF.csproj", "{35424C67-E24B-4BCF-862B-B93A1AB6D7E1}"
EndProject
Project("{FAE04EC0-301F-11D3-BF4B-00C04F79EFBC}") = "CheckD.Domain", "CheckD.Domain\CheckD.Domain.csproj", "{F517B69E-2F71-442F-8B34-518786E28018}"
EndProject
Project("{FAE04EC0-301F-11D3-BF4B-00C04F79EFBC}") = "CheckD.EntityFramework", "CheckD.EntityFramework\CheckD.EntityFramework.csproj", "{969CCCBC-9383-4F6C-837D-786A4D18AB57}"
EndProject
Global
	GlobalSection(SolutionConfigurationPlatforms) = preSolution
		Debug|Any CPU = Debug|Any CPU
		Release|Any CPU = Release|Any CPU
	EndGlobalSection
	GlobalSection(ProjectConfigurationPlatforms) = postSolution
		{35424C67-E24B-4BCF-862B-B93A1AB6D7E1}.Debug|Any CPU.ActiveCfg = Debug|Any CPU
		{35424C67-E24B-4BCF-862B-B93A1AB6D7E1}.Debug|Any CPU.Build.0 = Debug|Any CPU
		{35424C67-E24B-4BCF-862B-B93A1AB6D7E1}.Release|Any CPU.ActiveCfg = Release|Any CPU
		{35424C67-E24B-4BCF-862B-B93A1AB6D7E1}.Release|Any CPU.Build.0 = Release|Any CPU
		{F517B69E-2F71-442F-8B34-518786E28018}.Debug|Any CPU.ActiveCfg = Debug|Any CPU
		{F517B69E-2F71-442F-8B34-518786E28018}.Debug|Any CPU.Build.0 = Debug|Any CPU
		{F517B69E-2F71-442F-8B34-518786E28018}.Release|Any CPU.ActiveCfg = Release|Any CPU
		{F517B69E-2F71-442F-8B34-518786E28018}.Release|Any CPU.Build.0 = Release|Any CPU
		{969CCCBC-9383-4F6C-837D-786A4D18AB57}.Debug|Any CPU.ActiveCfg = Debug|Any CPU
		{969CCCBC-9383-4F6C-837D-786A4D18AB57}.Debug|Any CPU.Build.0 = Debug|Any CPU
		{969CCCBC-9383-4F6C-837D-786A4D18AB57}.Release|Any CPU.ActiveCfg = Release|Any CPU
		{969CCCBC-9383-4F6C-837D-786A4D18AB57}.Release|Any CPU.Build.0 = Release|Any CPU
	EndGlobalSection
	GlobalSection(SolutionProperties) = preSolution
		HideSolutionNode = FALSE
	EndGlobalSection
	GlobalSection(ExtensibilityGlobals) = postSolution
		SolutionGuid = {60EA355C-36B1-401D-9CDC-5E0617B928AC}
	EndGlobalSection
EndGlobal
